
Microsoft Visual Studio Solution File, Format Version 12.00
# Visual Studio Version 16
VisualStudioVersion = 16.0.29728.190
MinimumVisualStudioVersion = 10.0.40219.1
Project("{FAE04EC0-301F-11D3-BF4B-00C04F79EFBC}") = "NepalDemoPage", "NepalDemoPage\NepalDemoPage.csproj", "{7D3F2EBF-25F6-45FF-B1BF-960738D614F6}"
EndProject
Global
	GlobalSection(SolutionConfigurationPlatforms) = preSolution
		Debug|Any CPU = Debug|Any CPU
		Release|Any CPU = Release|Any CPU
	EndGlobalSection
	GlobalSection(ProjectConfigurationPlatforms) = postSolution
		{7D3F2EBF-25F6-45FF-B1BF-960738D614F6}.Debug|Any CPU.ActiveCfg = Debug|Any CPU
		{7D3F2EBF-25F6-45FF-B1BF-960738D614F6}.Debug|Any CPU.Build.0 = Debug|Any CPU
		{7D3F2EBF-25F6-45FF-B1BF-960738D614F6}.Release|Any CPU.ActiveCfg = Release|Any CPU
		{7D3F2EBF-25F6-45FF-B1BF-960738D614F6}.Release|Any CPU.Build.0 = Release|Any CPU
	EndGlobalSection
	GlobalSection(SolutionProperties) = preSolution
		HideSolutionNode = FALSE
	EndGlobalSection
	GlobalSection(ExtensibilityGlobals) = postSolution
		SolutionGuid = {CB079F6C-7798-44AF-8175-71CBB29EB68F}
	EndGlobalSection
EndGlobal
